
Microsoft Visual Studio Solution File, Format Version 12.00
# Visual Studio Version 17
VisualStudioVersion = 17.0.31903.59
MinimumVisualStudioVersion = 10.0.40219.1
Project("{FAE04EC0-301F-11D3-BF4B-00C04F79EFBC}") = "TwinCoreTestTask", "TwinCoreTestTask\TwinCoreTestTask.csproj", "{6E3DD7FB-83B7-4508-AB5D-1046A0658FD6}"
EndProject
Project("{FAE04EC0-301F-11D3-BF4B-00C04F79EFBC}") = "TwinCoreTestTask.Infrastructure", "TwinCoreTestTask.Infrastructure\TwinCoreTestTask.Infrastructure.csproj", "{1924941F-8CED-4897-88C0-18AEA0AEEFD1}"
EndProject
Project("{FAE04EC0-301F-11D3-BF4B-00C04F79EFBC}") = "TwinCoreTestTask.DataBase", "TwinCoreTestTask.DataBase\TwinCoreTestTask.DataBase.csproj", "{A5C0F4E9-A724-4F5B-9BD4-C73362B03ADE}"
EndProject
Project("{FAE04EC0-301F-11D3-BF4B-00C04F79EFBC}") = "TwinCoreTestTask.Core", "TwinCoreTestTask.Core\TwinCoreTestTask.Core.csproj", "{589DB671-E711-4AB1-949E-EB8404BD403F}"
EndProject
Global
	GlobalSection(SolutionConfigurationPlatforms) = preSolution
		Debug|Any CPU = Debug|Any CPU
		Debug|x64 = Debug|x64
		Debug|x86 = Debug|x86
		Release|Any CPU = Release|Any CPU
		Release|x64 = Release|x64
		Release|x86 = Release|x86
	EndGlobalSection
	GlobalSection(ProjectConfigurationPlatforms) = postSolution
		{6E3DD7FB-83B7-4508-AB5D-1046A0658FD6}.Debug|Any CPU.ActiveCfg = Debug|Any CPU
		{6E3DD7FB-83B7-4508-AB5D-1046A0658FD6}.Debug|Any CPU.Build.0 = Debug|Any CPU
		{6E3DD7FB-83B7-4508-AB5D-1046A0658FD6}.Debug|x64.ActiveCfg = Debug|Any CPU
		{6E3DD7FB-83B7-4508-AB5D-1046A0658FD6}.Debug|x64.Build.0 = Debug|Any CPU
		{6E3DD7FB-83B7-4508-AB5D-1046A0658FD6}.Debug|x86.ActiveCfg = Debug|Any CPU
		{6E3DD7FB-83B7-4508-AB5D-1046A0658FD6}.Debug|x86.Build.0 = Debug|Any CPU
		{6E3DD7FB-83B7-4508-AB5D-1046A0658FD6}.Release|Any CPU.ActiveCfg = Release|Any CPU
		{6E3DD7FB-83B7-4508-AB5D-1046A0658FD6}.Release|Any CPU.Build.0 = Release|Any CPU
		{6E3DD7FB-83B7-4508-AB5D-1046A0658FD6}.Release|x64.ActiveCfg = Release|Any CPU
		{6E3DD7FB-83B7-4508-AB5D-1046A0658FD6}.Release|x64.Build.0 = Release|Any CPU
		{6E3DD7FB-83B7-4508-AB5D-1046A0658FD6}.Release|x86.ActiveCfg = Release|Any CPU
		{6E3DD7FB-83B7-4508-AB5D-1046A0658FD6}.Release|x86.Build.0 = Release|Any CPU
		{1924941F-8CED-4897-88C0-18AEA0AEEFD1}.Debug|Any CPU.ActiveCfg = Debug|Any CPU
		{1924941F-8CED-4897-88C0-18AEA0AEEFD1}.Debug|Any CPU.Build.0 = Debug|Any CPU
		{1924941F-8CED-4897-88C0-18AEA0AEEFD1}.Debug|x64.ActiveCfg = Debug|Any CPU
		{1924941F-8CED-4897-88C0-18AEA0AEEFD1}.Debug|x64.Build.0 = Debug|Any CPU
		{1924941F-8CED-4897-88C0-18AEA0AEEFD1}.Debug|x86.ActiveCfg = Debug|Any CPU
		{1924941F-8CED-4897-88C0-18AEA0AEEFD1}.Debug|x86.Build.0 = Debug|Any CPU
		{1924941F-8CED-4897-88C0-18AEA0AEEFD1}.Release|Any CPU.ActiveCfg = Release|Any CPU
		{1924941F-8CED-4897-88C0-18AEA0AEEFD1}.Release|Any CPU.Build.0 = Release|Any CPU
		{1924941F-8CED-4897-88C0-18AEA0AEEFD1}.Release|x64.ActiveCfg = Release|Any CPU
		{1924941F-8CED-4897-88C0-18AEA0AEEFD1}.Release|x64.Build.0 = Release|Any CPU
		{1924941F-8CED-4897-88C0-18AEA0AEEFD1}.Release|x86.ActiveCfg = Release|Any CPU
		{1924941F-8CED-4897-88C0-18AEA0AEEFD1}.Release|x86.Build.0 = Release|Any CPU
		{A5C0F4E9-A724-4F5B-9BD4-C73362B03ADE}.Debug|Any CPU.ActiveCfg = Debug|Any CPU
		{A5C0F4E9-A724-4F5B-9BD4-C73362B03ADE}.Debug|Any CPU.Build.0 = Debug|Any CPU
		{A5C0F4E9-A724-4F5B-9BD4-C73362B03ADE}.Debug|x64.ActiveCfg = Debug|Any CPU
		{A5C0F4E9-A724-4F5B-9BD4-C73362B03ADE}.Debug|x64.Build.0 = Debug|Any CPU
		{A5C0F4E9-A724-4F5B-9BD4-C73362B03ADE}.Debug|x86.ActiveCfg = Debug|Any CPU
		{A5C0F4E9-A724-4F5B-9BD4-C73362B03ADE}.Debug|x86.Build.0 = Debug|Any CPU
		{A5C0F4E9-A724-4F5B-9BD4-C73362B03ADE}.Release|Any CPU.ActiveCfg = Release|Any CPU
		{A5C0F4E9-A724-4F5B-9BD4-C73362B03ADE}.Release|Any CPU.Build.0 = Release|Any CPU
		{A5C0F4E9-A724-4F5B-9BD4-C73362B03ADE}.Release|x64.ActiveCfg = Release|Any CPU
		{A5C0F4E9-A724-4F5B-9BD4-C73362B03ADE}.Release|x64.Build.0 = Release|Any CPU
		{A5C0F4E9-A724-4F5B-9BD4-C73362B03ADE}.Release|x86.ActiveCfg = Release|Any CPU
		{A5C0F4E9-A724-4F5B-9BD4-C73362B03ADE}.Release|x86.Build.0 = Release|Any CPU
		{589DB671-E711-4AB1-949E-EB8404BD403F}.Debug|Any CPU.ActiveCfg = Debug|Any CPU
		{589DB671-E711-4AB1-949E-EB8404BD403F}.Debug|Any CPU.Build.0 = Debug|Any CPU
		{589DB671-E711-4AB1-949E-EB8404BD403F}.Debug|x64.ActiveCfg = Debug|Any CPU
		{589DB671-E711-4AB1-949E-EB8404BD403F}.Debug|x64.Build.0 = Debug|Any CPU
		{589DB671-E711-4AB1-949E-EB8404BD403F}.Debug|x86.ActiveCfg = Debug|Any CPU
		{589DB671-E711-4AB1-949E-EB8404BD403F}.Debug|x86.Build.0 = Debug|Any CPU
		{589DB671-E711-4AB1-949E-EB8404BD403F}.Release|Any CPU.ActiveCfg = Release|Any CPU
		{589DB671-E711-4AB1-949E-EB8404BD403F}.Release|Any CPU.Build.0 = Release|Any CPU
		{589DB671-E711-4AB1-949E-EB8404BD403F}.Release|x64.ActiveCfg = Release|Any CPU
		{589DB671-E711-4AB1-949E-EB8404BD403F}.Release|x64.Build.0 = Release|Any CPU
		{589DB671-E711-4AB1-949E-EB8404BD403F}.Release|x86.ActiveCfg = Release|Any CPU
		{589DB671-E711-4AB1-949E-EB8404BD403F}.Release|x86.Build.0 = Release|Any CPU
	EndGlobalSection
	GlobalSection(SolutionProperties) = preSolution
		HideSolutionNode = FALSE
	EndGlobalSection
EndGlobal
